
Microsoft Visual Studio Solution File, Format Version 12.00
# Visual Studio 15
VisualStudioVersion = 15.0.28010.2026
MinimumVisualStudioVersion = 10.0.40219.1
Project("{FAE04EC0-301F-11D3-BF4B-00C04F79EFBC}") = "WpfCapture", "WpfCapture\WpfCapture.csproj", "{FD96BD1A-DA70-45CB-9A1B-8AF898BCB382}"
EndProject
Global
	GlobalSection(SolutionConfigurationPlatforms) = preSolution
		Debug|Any CPU = Debug|Any CPU
		Release|Any CPU = Release|Any CPU
	EndGlobalSection
	GlobalSection(ProjectConfigurationPlatforms) = postSolution
		{FD96BD1A-DA70-45CB-9A1B-8AF898BCB382}.Debug|Any CPU.ActiveCfg = Debug|Any CPU
		{FD96BD1A-DA70-45CB-9A1B-8AF898BCB382}.Debug|Any CPU.Build.0 = Debug|Any CPU
		{FD96BD1A-DA70-45CB-9A1B-8AF898BCB382}.Release|Any CPU.ActiveCfg = Release|Any CPU
		{FD96BD1A-DA70-45CB-9A1B-8AF898BCB382}.Release|Any CPU.Build.0 = Release|Any CPU
	EndGlobalSection
	GlobalSection(SolutionProperties) = preSolution
		HideSolutionNode = FALSE
	EndGlobalSection
	GlobalSection(ExtensibilityGlobals) = postSolution
		SolutionGuid = {42A67A9E-EF46-4E50-89FD-D2D8349466A8}
	EndGlobalSection
EndGlobal
